
Microsoft Visual Studio Solution File, Format Version 12.00
# Visual Studio 15
VisualStudioVersion = 15.0.27130.2036
MinimumVisualStudioVersion = 10.0.40219.1
Project("{888888A0-9F3D-457C-B088-3A5042F75D52}") = "天气预报爬虫", "天气预报爬虫\天气预报爬虫.pyproj", "{5F54A211-B9AE-45B5-9C71-5C8BC50B17F1}"
EndProject
Global
	GlobalSection(SolutionConfigurationPlatforms) = preSolution
		Debug|Any CPU = Debug|Any CPU
		Release|Any CPU = Release|Any CPU
	EndGlobalSection
	GlobalSection(ProjectConfigurationPlatforms) = postSolution
		{5F54A211-B9AE-45B5-9C71-5C8BC50B17F1}.Debug|Any CPU.ActiveCfg = Debug|Any CPU
		{5F54A211-B9AE-45B5-9C71-5C8BC50B17F1}.Release|Any CPU.ActiveCfg = Release|Any CPU
	EndGlobalSection
	GlobalSection(SolutionProperties) = preSolution
		HideSolutionNode = FALSE
	EndGlobalSection
	GlobalSection(ExtensibilityGlobals) = postSolution
		SolutionGuid = {DAA31C19-94F6-4522-98B9-0454B45049E4}
	EndGlobalSection
EndGlobal
